
Microsoft Visual Studio Solution File, Format Version 12.00
# Visual Studio Version 17
VisualStudioVersion = 17.4.33213.308
MinimumVisualStudioVersion = 10.0.40219.1
Project("{FAE04EC0-301F-11D3-BF4B-00C04F79EFBC}") = "ConnectedMode", "ConnectedMode\ConnectedMode.csproj", "{5DF4DC95-202A-4F88-B0D5-E06E6B66C2C7}"
EndProject
Project("{FAE04EC0-301F-11D3-BF4B-00C04F79EFBC}") = "DisconnectedMode", "DisconnectedMode\DisconnectedMode.csproj", "{F71B301E-0169-4247-AA61-27463E2C4B11}"
EndProject
Global
	GlobalSection(SolutionConfigurationPlatforms) = preSolution
		Debug|Any CPU = Debug|Any CPU
		Release|Any CPU = Release|Any CPU
	EndGlobalSection
	GlobalSection(ProjectConfigurationPlatforms) = postSolution
		{5DF4DC95-202A-4F88-B0D5-E06E6B66C2C7}.Debug|Any CPU.ActiveCfg = Debug|Any CPU
		{5DF4DC95-202A-4F88-B0D5-E06E6B66C2C7}.Debug|Any CPU.Build.0 = Debug|Any CPU
		{5DF4DC95-202A-4F88-B0D5-E06E6B66C2C7}.Release|Any CPU.ActiveCfg = Release|Any CPU
		{5DF4DC95-202A-4F88-B0D5-E06E6B66C2C7}.Release|Any CPU.Build.0 = Release|Any CPU
		{F71B301E-0169-4247-AA61-27463E2C4B11}.Debug|Any CPU.ActiveCfg = Debug|Any CPU
		{F71B301E-0169-4247-AA61-27463E2C4B11}.Debug|Any CPU.Build.0 = Debug|Any CPU
		{F71B301E-0169-4247-AA61-27463E2C4B11}.Release|Any CPU.ActiveCfg = Release|Any CPU
		{F71B301E-0169-4247-AA61-27463E2C4B11}.Release|Any CPU.Build.0 = Release|Any CPU
	EndGlobalSection
	GlobalSection(SolutionProperties) = preSolution
		HideSolutionNode = FALSE
	EndGlobalSection
	GlobalSection(ExtensibilityGlobals) = postSolution
		SolutionGuid = {AC94C894-2950-491D-9289-60B518B87AD0}
	EndGlobalSection
EndGlobal
